
Microsoft Visual Studio Solution File, Format Version 12.00
# Visual Studio Version 17
VisualStudioVersion = 17.3.32819.101
MinimumVisualStudioVersion = 10.0.40219.1
Project("{FAE04EC0-301F-11D3-BF4B-00C04F79EFBC}") = "CGP-Core", "CGP-Core\CGP-Core.csproj", "{9DD97D86-E3DB-40A1-B632-AB25D4024E2A}"
EndProject
Project("{FAE04EC0-301F-11D3-BF4B-00C04F79EFBC}") = "cgp", "cgp\cgp.csproj", "{97D35216-EA78-4FAE-8D2A-C26EC2347D16}"
EndProject
Global
	GlobalSection(SolutionConfigurationPlatforms) = preSolution
		Debug|Any CPU = Debug|Any CPU
		Release|Any CPU = Release|Any CPU
	EndGlobalSection
	GlobalSection(ProjectConfigurationPlatforms) = postSolution
		{9DD97D86-E3DB-40A1-B632-AB25D4024E2A}.Debug|Any CPU.ActiveCfg = Debug|Any CPU
		{9DD97D86-E3DB-40A1-B632-AB25D4024E2A}.Debug|Any CPU.Build.0 = Debug|Any CPU
		{9DD97D86-E3DB-40A1-B632-AB25D4024E2A}.Release|Any CPU.ActiveCfg = Release|Any CPU
		{9DD97D86-E3DB-40A1-B632-AB25D4024E2A}.Release|Any CPU.Build.0 = Release|Any CPU
		{97D35216-EA78-4FAE-8D2A-C26EC2347D16}.Debug|Any CPU.ActiveCfg = Debug|Any CPU
		{97D35216-EA78-4FAE-8D2A-C26EC2347D16}.Debug|Any CPU.Build.0 = Debug|Any CPU
		{97D35216-EA78-4FAE-8D2A-C26EC2347D16}.Release|Any CPU.ActiveCfg = Release|Any CPU
		{97D35216-EA78-4FAE-8D2A-C26EC2347D16}.Release|Any CPU.Build.0 = Release|Any CPU
	EndGlobalSection
	GlobalSection(SolutionProperties) = preSolution
		HideSolutionNode = FALSE
	EndGlobalSection
	GlobalSection(ExtensibilityGlobals) = postSolution
		SolutionGuid = {10DF8019-622E-4949-BB40-36E68321596B}
	EndGlobalSection
EndGlobal
